
Microsoft Visual Studio Solution File, Format Version 12.00
# Visual Studio Version 16
VisualStudioVersion = 16.0.30309.148
MinimumVisualStudioVersion = 10.0.40219.1
Project("{2150E333-8FDC-42A3-9474-1A3956D46DE8}") = "Laba1", "Laba1", "{7ABD24C5-0058-4AB1-99CA-B73B4D0255B8}"
EndProject
Project("{2150E333-8FDC-42A3-9474-1A3956D46DE8}") = "Laba2", "Laba2", "{80BAB1D8-A802-468E-9985-6BC74C91EF34}"
EndProject
Project("{2150E333-8FDC-42A3-9474-1A3956D46DE8}") = "Laba3", "Laba3", "{8947D9CE-39B1-4D1A-9911-2268EABBC6B4}"
EndProject
Project("{2150E333-8FDC-42A3-9474-1A3956D46DE8}") = "Laba4", "Laba4", "{94435E59-5C2D-4A63-8A3F-A5B3D543420B}"
EndProject
Project("{2150E333-8FDC-42A3-9474-1A3956D46DE8}") = "Laba5", "Laba5", "{C8695DFF-5B33-46CE-A0E7-6FE6C0EA2E58}"
EndProject
Project("{2150E333-8FDC-42A3-9474-1A3956D46DE8}") = "Laba6", "Laba6", "{7E75CE19-1D36-4312-96E4-013D66E9AD80}"
EndProject
Project("{2150E333-8FDC-42A3-9474-1A3956D46DE8}") = "Laba7", "Laba7", "{3EB89E13-78A6-40DA-88B6-E6AD5F44E3FC}"
EndProject
Project("{8BC9CEB8-8B4A-11D0-8D11-00A0C91BC942}") = "Task11", "Task1\Task1.vcxproj", "{3B7D57FC-01F7-4184-8699-DA17745633D0}"
EndProject
Project("{8BC9CEB8-8B4A-11D0-8D11-00A0C91BC942}") = "Task12", "Task2\Task2.vcxproj", "{4B94CCCD-AA6A-47AC-8E76-40109B479227}"
EndProject
Project("{8BC9CEB8-8B4A-11D0-8D11-00A0C91BC942}") = "Task13", "Task3\Task3.vcxproj", "{DD822EF0-D9BC-43DF-A416-A46806355F35}"
EndProject
Project("{8BC9CEB8-8B4A-11D0-8D11-00A0C91BC942}") = "Task21", "Task21\Task21.vcxproj", "{C9E2822E-8DEA-47BE-9B5F-42CFBD9CE4EC}"
EndProject
Project("{8BC9CEB8-8B4A-11D0-8D11-00A0C91BC942}") = "Task22", "Task22\Task22.vcxproj", "{89FD06A9-06CA-4111-B761-5AECFF360060}"
EndProject
Project("{8BC9CEB8-8B4A-11D0-8D11-00A0C91BC942}") = "Task31", "Task31\Task31.vcxproj", "{EC21BBFB-B4DF-4C6D-9583-35086C537837}"
EndProject
Project("{8BC9CEB8-8B4A-11D0-8D11-00A0C91BC942}") = "Task32", "Task32\Task32.vcxproj", "{8481045D-E4C7-4450-9DA2-A5CF479D6172}"
EndProject
Project("{8BC9CEB8-8B4A-11D0-8D11-00A0C91BC942}") = "Task33", "Task33\Task33.vcxproj", "{EB82038F-74FA-43B8-AF29-A07B293C155F}"
EndProject
Project("{8BC9CEB8-8B4A-11D0-8D11-00A0C91BC942}") = "Task41", "Task41\Task41.vcxproj", "{B05A5275-6B5A-4E5A-A1BD-2889FD78DBF9}"
EndProject
Project("{8BC9CEB8-8B4A-11D0-8D11-00A0C91BC942}") = "Task51", "Task51\Task51.vcxproj", "{94910D8A-CAA2-4ECF-A2AE-74603E7B9A32}"
EndProject
Project("{8BC9CEB8-8B4A-11D0-8D11-00A0C91BC942}") = "Task61", "Task61\Task61.vcxproj", "{ECBF6767-334D-412F-AB28-FA7F3580CC1B}"
EndProject
Project("{8BC9CEB8-8B4A-11D0-8D11-00A0C91BC942}") = "Task71", "Task71\Task71.vcxproj", "{579543D3-E81B-43C4-8E8C-95AACC8EB750}"
EndProject
Global
	GlobalSection(SolutionConfigurationPlatforms) = preSolution
		Debug|x64 = Debug|x64
		Debug|x86 = Debug|x86
		Release|x64 = Release|x64
		Release|x86 = Release|x86
	EndGlobalSection
	GlobalSection(ProjectConfigurationPlatforms) = postSolution
		{3B7D57FC-01F7-4184-8699-DA17745633D0}.Debug|x64.ActiveCfg = Debug|x64
		{3B7D57FC-01F7-4184-8699-DA17745633D0}.Debug|x64.Build.0 = Debug|x64
		{3B7D57FC-01F7-4184-8699-DA17745633D0}.Debug|x86.ActiveCfg = Debug|Win32
		{3B7D57FC-01F7-4184-8699-DA17745633D0}.Debug|x86.Build.0 = Debug|Win32
		{3B7D57FC-01F7-4184-8699-DA17745633D0}.Release|x64.ActiveCfg = Release|x64
		{3B7D57FC-01F7-4184-8699-DA17745633D0}.Release|x64.Build.0 = Release|x64
		{3B7D57FC-01F7-4184-8699-DA17745633D0}.Release|x86.ActiveCfg = Release|Win32
		{3B7D57FC-01F7-4184-8699-DA17745633D0}.Release|x86.Build.0 = Release|Win32
		{4B94CCCD-AA6A-47AC-8E76-40109B479227}.Debug|x64.ActiveCfg = Debug|x64
		{4B94CCCD-AA6A-47AC-8E76-40109B479227}.Debug|x64.Build.0 = Debug|x64
		{4B94CCCD-AA6A-47AC-8E76-40109B479227}.Debug|x86.ActiveCfg = Debug|Win32
		{4B94CCCD-AA6A-47AC-8E76-40109B479227}.Debug|x86.Build.0 = Debug|Win32
		{4B94CCCD-AA6A-47AC-8E76-40109B479227}.Release|x64.ActiveCfg = Release|x64
		{4B94CCCD-AA6A-47AC-8E76-40109B479227}.Release|x64.Build.0 = Release|x64
		{4B94CCCD-AA6A-47AC-8E76-40109B479227}.Release|x86.ActiveCfg = Release|Win32
		{4B94CCCD-AA6A-47AC-8E76-40109B479227}.Release|x86.Build.0 = Release|Win32
		{DD822EF0-D9BC-43DF-A416-A46806355F35}.Debug|x64.ActiveCfg = Debug|x64
		{DD822EF0-D9BC-43DF-A416-A46806355F35}.Debug|x64.Build.0 = Debug|x64
		{DD822EF0-D9BC-43DF-A416-A46806355F35}.Debug|x86.ActiveCfg = Debug|Win32
		{DD822EF0-D9BC-43DF-A416-A46806355F35}.Debug|x86.Build.0 = Debug|Win32
		{DD822EF0-D9BC-43DF-A416-A46806355F35}.Release|x64.ActiveCfg = Release|x64
		{DD822EF0-D9BC-43DF-A416-A46806355F35}.Release|x64.Build.0 = Release|x64
		{DD822EF0-D9BC-43DF-A416-A46806355F35}.Release|x86.ActiveCfg = Release|Win32
		{DD822EF0-D9BC-43DF-A416-A46806355F35}.Release|x86.Build.0 = Release|Win32
		{C9E2822E-8DEA-47BE-9B5F-42CFBD9CE4EC}.Debug|x64.ActiveCfg = Debug|x64
		{C9E2822E-8DEA-47BE-9B5F-42CFBD9CE4EC}.Debug|x64.Build.0 = Debug|x64
		{C9E2822E-8DEA-47BE-9B5F-42CFBD9CE4EC}.Debug|x86.ActiveCfg = Debug|Win32
		{C9E2822E-8DEA-47BE-9B5F-42CFBD9CE4EC}.Debug|x86.Build.0 = Debug|Win32
		{C9E2822E-8DEA-47BE-9B5F-42CFBD9CE4EC}.Release|x64.ActiveCfg = Release|x64
		{C9E2822E-8DEA-47BE-9B5F-42CFBD9CE4EC}.Release|x64.Build.0 = Release|x64
		{C9E2822E-8DEA-47BE-9B5F-42CFBD9CE4EC}.Release|x86.ActiveCfg = Release|Win32
		{C9E2822E-8DEA-47BE-9B5F-42CFBD9CE4EC}.Release|x86.Build.0 = Release|Win32
		{89FD06A9-06CA-4111-B761-5AECFF360060}.Debug|x64.ActiveCfg = Debug|x64
		{89FD06A9-06CA-4111-B761-5AECFF360060}.Debug|x64.Build.0 = Debug|x64
		{89FD06A9-06CA-4111-B761-5AECFF360060}.Debug|x86.ActiveCfg = Debug|Win32
		{89FD06A9-06CA-4111-B761-5AECFF360060}.Debug|x86.Build.0 = Debug|Win32
		{89FD06A9-06CA-4111-B761-5AECFF360060}.Release|x64.ActiveCfg = Release|x64
		{89FD06A9-06CA-4111-B761-5AECFF360060}.Release|x64.Build.0 = Release|x64
		{89FD06A9-06CA-4111-B761-5AECFF360060}.Release|x86.ActiveCfg = Release|Win32
		{89FD06A9-06CA-4111-B761-5AECFF360060}.Release|x86.Build.0 = Release|Win32
		{EC21BBFB-B4DF-4C6D-9583-35086C537837}.Debug|x64.ActiveCfg = Debug|x64
		{EC21BBFB-B4DF-4C6D-9583-35086C537837}.Debug|x64.Build.0 = Debug|x64
		{EC21BBFB-B4DF-4C6D-9583-35086C537837}.Debug|x86.ActiveCfg = Debug|Win32
		{EC21BBFB-B4DF-4C6D-9583-35086C537837}.Debug|x86.Build.0 = Debug|Win32
		{EC21BBFB-B4DF-4C6D-9583-35086C537837}.Release|x64.ActiveCfg = Release|x64
		{EC21BBFB-B4DF-4C6D-9583-35086C537837}.Release|x64.Build.0 = Release|x64
		{EC21BBFB-B4DF-4C6D-9583-35086C537837}.Release|x86.ActiveCfg = Release|Win32
		{EC21BBFB-B4DF-4C6D-9583-35086C537837}.Release|x86.Build.0 = Release|Win32
		{8481045D-E4C7-4450-9DA2-A5CF479D6172}.Debug|x64.ActiveCfg = Debug|x64
		{8481045D-E4C7-4450-9DA2-A5CF479D6172}.Debug|x64.Build.0 = Debug|x64
		{8481045D-E4C7-4450-9DA2-A5CF479D6172}.Debug|x86.ActiveCfg = Debug|Win32
		{8481045D-E4C7-4450-9DA2-A5CF479D6172}.Debug|x86.Build.0 = Debug|Win32
		{8481045D-E4C7-4450-9DA2-A5CF479D6172}.Release|x64.ActiveCfg = Release|x64
		{8481045D-E4C7-4450-9DA2-A5CF479D6172}.Release|x64.Build.0 = Release|x64
		{8481045D-E4C7-4450-9DA2-A5CF479D6172}.Release|x86.ActiveCfg = Release|Win32
		{8481045D-E4C7-4450-9DA2-A5CF479D6172}.Release|x86.Build.0 = Release|Win32
		{EB82038F-74FA-43B8-AF29-A07B293C155F}.Debug|x64.ActiveCfg = Debug|x64
		{EB82038F-74FA-43B8-AF29-A07B293C155F}.Debug|x64.Build.0 = Debug|x64
		{EB82038F-74FA-43B8-AF29-A07B293C155F}.Debug|x86.ActiveCfg = Debug|Win32
		{EB82038F-74FA-43B8-AF29-A07B293C155F}.Debug|x86.Build.0 = Debug|Win32
		{EB82038F-74FA-43B8-AF29-A07B293C155F}.Release|x64.ActiveCfg = Release|x64
		{EB82038F-74FA-43B8-AF29-A07B293C155F}.Release|x64.Build.0 = Release|x64
		{EB82038F-74FA-43B8-AF29-A07B293C155F}.Release|x86.ActiveCfg = Release|Win32
		{EB82038F-74FA-43B8-AF29-A07B293C155F}.Release|x86.Build.0 = Release|Win32
		{B05A5275-6B5A-4E5A-A1BD-2889FD78DBF9}.Debug|x64.ActiveCfg = Debug|x64
		{B05A5275-6B5A-4E5A-A1BD-2889FD78DBF9}.Debug|x64.Build.0 = Debug|x64
		{B05A5275-6B5A-4E5A-A1BD-2889FD78DBF9}.Debug|x86.ActiveCfg = Debug|Win32
		{B05A5275-6B5A-4E5A-A1BD-2889FD78DBF9}.Debug|x86.Build.0 = Debug|Win32
		{B05A5275-6B5A-4E5A-A1BD-2889FD78DBF9}.Release|x64.ActiveCfg = Release|x64
		{B05A5275-6B5A-4E5A-A1BD-2889FD78DBF9}.Release|x64.Build.0 = Release|x64
		{B05A5275-6B5A-4E5A-A1BD-2889FD78DBF9}.Release|x86.ActiveCfg = Release|Win32
		{B05A5275-6B5A-4E5A-A1BD-2889FD78DBF9}.Release|x86.Build.0 = Release|Win32
		{94910D8A-CAA2-4ECF-A2AE-74603E7B9A32}.Debug|x64.ActiveCfg = Debug|x64
		{94910D8A-CAA2-4ECF-A2AE-74603E7B9A32}.Debug|x64.Build.0 = Debug|x64
		{94910D8A-CAA2-4ECF-A2AE-74603E7B9A32}.Debug|x86.ActiveCfg = Debug|Win32
		{94910D8A-CAA2-4ECF-A2AE-74603E7B9A32}.Debug|x86.Build.0 = Debug|Win32
		{94910D8A-CAA2-4ECF-A2AE-74603E7B9A32}.Release|x64.ActiveCfg = Release|x64
		{94910D8A-CAA2-4ECF-A2AE-74603E7B9A32}.Release|x64.Build.0 = Release|x64
		{94910D8A-CAA2-4ECF-A2AE-74603E7B9A32}.Release|x86.ActiveCfg = Release|Win32
		{94910D8A-CAA2-4ECF-A2AE-74603E7B9A32}.Release|x86.Build.0 = Release|Win32
		{ECBF6767-334D-412F-AB28-FA7F3580CC1B}.Debug|x64.ActiveCfg = Debug|x64
		{ECBF6767-334D-412F-AB28-FA7F3580CC1B}.Debug|x64.Build.0 = Debug|x64
		{ECBF6767-334D-412F-AB28-FA7F3580CC1B}.Debug|x86.ActiveCfg = Debug|Win32
		{ECBF6767-334D-412F-AB28-FA7F3580CC1B}.Debug|x86.Build.0 = Debug|Win32
		{ECBF6767-334D-412F-AB28-FA7F3580CC1B}.Release|x64.ActiveCfg = Release|x64
		{ECBF6767-334D-412F-AB28-FA7F3580CC1B}.Release|x64.Build.0 = Release|x64
		{ECBF6767-334D-412F-AB28-FA7F3580CC1B}.Release|x86.ActiveCfg = Release|Win32
		{ECBF6767-334D-412F-AB28-FA7F3580CC1B}.Release|x86.Build.0 = Release|Win32
		{579543D3-E81B-43C4-8E8C-95AACC8EB750}.Debug|x64.ActiveCfg = Debug|x64
		{579543D3-E81B-43C4-8E8C-95AACC8EB750}.Debug|x64.Build.0 = Debug|x64
		{579543D3-E81B-43C4-8E8C-95AACC8EB750}.Debug|x86.ActiveCfg = Debug|Win32
		{579543D3-E81B-43C4-8E8C-95AACC8EB750}.Debug|x86.Build.0 = Debug|Win32
		{579543D3-E81B-43C4-8E8C-95AACC8EB750}.Release|x64.ActiveCfg = Release|x64
		{579543D3-E81B-43C4-8E8C-95AACC8EB750}.Release|x64.Build.0 = Release|x64
		{579543D3-E81B-43C4-8E8C-95AACC8EB750}.Release|x86.ActiveCfg = Release|Win32
		{579543D3-E81B-43C4-8E8C-95AACC8EB750}.Release|x86.Build.0 = Release|Win32
	EndGlobalSection
	GlobalSection(SolutionProperties) = preSolution
		HideSolutionNode = FALSE
	EndGlobalSection
	GlobalSection(NestedProjects) = preSolution
		{3B7D57FC-01F7-4184-8699-DA17745633D0} = {7ABD24C5-0058-4AB1-99CA-B73B4D0255B8}
		{4B94CCCD-AA6A-47AC-8E76-40109B479227} = {7ABD24C5-0058-4AB1-99CA-B73B4D0255B8}
		{DD822EF0-D9BC-43DF-A416-A46806355F35} = {7ABD24C5-0058-4AB1-99CA-B73B4D0255B8}
		{C9E2822E-8DEA-47BE-9B5F-42CFBD9CE4EC} = {80BAB1D8-A802-468E-9985-6BC74C91EF34}
		{89FD06A9-06CA-4111-B761-5AECFF360060} = {80BAB1D8-A802-468E-9985-6BC74C91EF34}
		{EC21BBFB-B4DF-4C6D-9583-35086C537837} = {8947D9CE-39B1-4D1A-9911-2268EABBC6B4}
		{8481045D-E4C7-4450-9DA2-A5CF479D6172} = {8947D9CE-39B1-4D1A-9911-2268EABBC6B4}
		{EB82038F-74FA-43B8-AF29-A07B293C155F} = {8947D9CE-39B1-4D1A-9911-2268EABBC6B4}
		{B05A5275-6B5A-4E5A-A1BD-2889FD78DBF9} = {94435E59-5C2D-4A63-8A3F-A5B3D543420B}
		{94910D8A-CAA2-4ECF-A2AE-74603E7B9A32} = {C8695DFF-5B33-46CE-A0E7-6FE6C0EA2E58}
		{ECBF6767-334D-412F-AB28-FA7F3580CC1B} = {7E75CE19-1D36-4312-96E4-013D66E9AD80}
		{579543D3-E81B-43C4-8E8C-95AACC8EB750} = {3EB89E13-78A6-40DA-88B6-E6AD5F44E3FC}
	EndGlobalSection
	GlobalSection(ExtensibilityGlobals) = postSolution
		SolutionGuid = {1A0DDF99-31B5-4386-9D98-712DF9FD619A}
	EndGlobalSection
EndGlobal
